
Microsoft Visual Studio Solution File, Format Version 12.00
# Visual Studio Version 16
VisualStudioVersion = 16.0.28922.388
MinimumVisualStudioVersion = 10.0.40219.1
Project("{2150E333-8FDC-42A3-9474-1A3956D46DE8}") = "WinForms", "WinForms", "{805EF5B0-839A-4637-988E-33CD684D9B3D}"
EndProject
Project("{FAE04EC0-301F-11D3-BF4B-00C04F79EFBC}") = "CopyRTFtoClipboard", "WinForms\CopyRTFtoClipboard\CopyRTFtoClipboard.csproj", "{8012646A-EC3D-462E-9880-185EEF108B92}"
EndProject
Project("{2150E333-8FDC-42A3-9474-1A3956D46DE8}") = "NetCore", "NetCore", "{976B7B43-4DFF-439D-84E6-C9B6489168A8}"
EndProject
Project("{9A19103F-16F7-4668-BE54-9A1E7A4F7556}") = "Microsoft.Metadata.Visualizer", "NetCore\Microsoft.Metadata.Visualizer\Microsoft.Metadata.Visualizer.csproj", "{C1386EEF-5EF0-4D04-BA82-9E225B998839}"
EndProject
Project("{9A19103F-16F7-4668-BE54-9A1E7A4F7556}") = "CairoSharp_x64", "NetCore\CairoSharp_x64\CairoSharp_x64.csproj", "{B527F2A9-E168-4817-A5B4-2776C9B02E81}"
EndProject
Project("{2150E333-8FDC-42A3-9474-1A3956D46DE8}") = "lib", "lib", "{F633966E-EB9D-45FA-9F88-8F3A623B0148}"
EndProject
Project("{2150E333-8FDC-42A3-9474-1A3956D46DE8}") = "gtk", "gtk", "{A4852926-981E-40C4-BC8C-20754D12AE5B}"
EndProject
Project("{2150E333-8FDC-42A3-9474-1A3956D46DE8}") = "64bit", "64bit", "{6C8D0524-180E-46AD-9E38-C9AE87895FD2}"
	ProjectSection(SolutionItems) = preProject
		lib\gtk\64bit\cairo-gobject.dll = lib\gtk\64bit\cairo-gobject.dll
		lib\gtk\64bit\cairo-gobject.pdb = lib\gtk\64bit\cairo-gobject.pdb
		lib\gtk\64bit\expat.dll = lib\gtk\64bit\expat.dll
		lib\gtk\64bit\expat.pdb = lib\gtk\64bit\expat.pdb
		lib\gtk\64bit\fontconfig.dll = lib\gtk\64bit\fontconfig.dll
		lib\gtk\64bit\fontconfig.pdb = lib\gtk\64bit\fontconfig.pdb
		lib\gtk\64bit\freetype.dll = lib\gtk\64bit\freetype.dll
		lib\gtk\64bit\freetype.pdb = lib\gtk\64bit\freetype.pdb
		lib\gtk\64bit\libbz2.dll = lib\gtk\64bit\libbz2.dll
		lib\gtk\64bit\libbz2.pdb = lib\gtk\64bit\libbz2.pdb
		lib\gtk\64bit\libcairo-2.dll = lib\gtk\64bit\libcairo-2.dll
		lib\gtk\64bit\libcairo-2.pdb = lib\gtk\64bit\libcairo-2.pdb
		lib\gtk\64bit\libcharset.dll = lib\gtk\64bit\libcharset.dll
		lib\gtk\64bit\libcharset.pdb = lib\gtk\64bit\libcharset.pdb
		lib\gtk\64bit\libiconv.dll = lib\gtk\64bit\libiconv.dll
		lib\gtk\64bit\libiconv.pdb = lib\gtk\64bit\libiconv.pdb
		lib\gtk\64bit\libpng16.dll = lib\gtk\64bit\libpng16.dll
		lib\gtk\64bit\libpng16.pdb = lib\gtk\64bit\libpng16.pdb
		lib\gtk\64bit\pixman-1.dll = lib\gtk\64bit\pixman-1.dll
		lib\gtk\64bit\pixman-1.pdb = lib\gtk\64bit\pixman-1.pdb
		lib\gtk\64bit\zlib.pdb = lib\gtk\64bit\zlib.pdb
		lib\gtk\64bit\zlib1.dll = lib\gtk\64bit\zlib1.dll
	EndProjectSection
EndProject
Project("{2150E333-8FDC-42A3-9474-1A3956D46DE8}") = "plplot", "plplot", "{52125D32-259C-47DA-8528-82483F04C3DB}"
	ProjectSection(SolutionItems) = preProject
		lib\plplot\64bit\cairo-gobject.dll = lib\plplot\64bit\cairo-gobject.dll
		lib\plplot\64bit\cairo.dll = lib\plplot\64bit\cairo.dll
		lib\plplot\64bit\csirocsa.dll = lib\plplot\64bit\csirocsa.dll
		lib\plplot\64bit\expat.dll = lib\plplot\64bit\expat.dll
		lib\plplot\64bit\fontconfig.dll = lib\plplot\64bit\fontconfig.dll
		lib\plplot\64bit\freetype.dll = lib\plplot\64bit\freetype.dll
		lib\plplot\64bit\gio-2.dll = lib\plplot\64bit\gio-2.dll
		lib\plplot\64bit\glib-2.dll = lib\plplot\64bit\glib-2.dll
		lib\plplot\64bit\gmodule-2.dll = lib\plplot\64bit\gmodule-2.dll
		lib\plplot\64bit\gobject-2.dll = lib\plplot\64bit\gobject-2.dll
		lib\plplot\64bit\gthread-2.dll = lib\plplot\64bit\gthread-2.dll
		lib\plplot\64bit\harfbuzz.dll = lib\plplot\64bit\harfbuzz.dll
		lib\plplot\64bit\libbz2.dll = lib\plplot\64bit\libbz2.dll
		lib\plplot\64bit\libcharset.dll = lib\plplot\64bit\libcharset.dll
		lib\plplot\64bit\libffi.dll = lib\plplot\64bit\libffi.dll
		lib\plplot\64bit\libiconv.dll = lib\plplot\64bit\libiconv.dll
		lib\plplot\64bit\libintl.dll = lib\plplot\64bit\libintl.dll
		lib\plplot\64bit\libpng16.dll = lib\plplot\64bit\libpng16.dll
		lib\plplot\64bit\pango-1.dll = lib\plplot\64bit\pango-1.dll
		lib\plplot\64bit\pangocairo-1.dll = lib\plplot\64bit\pangocairo-1.dll
		lib\plplot\64bit\pangoft2-1.dll = lib\plplot\64bit\pangoft2-1.dll
		lib\plplot\64bit\pangowin32-1.dll = lib\plplot\64bit\pangowin32-1.dll
		lib\plplot\64bit\pcre.dll = lib\plplot\64bit\pcre.dll
		lib\plplot\64bit\pcre16.dll = lib\plplot\64bit\pcre16.dll
		lib\plplot\64bit\pcre32.dll = lib\plplot\64bit\pcre32.dll
		lib\plplot\64bit\pcrecpp.dll = lib\plplot\64bit\pcrecpp.dll
		lib\plplot\64bit\pcreposix.dll = lib\plplot\64bit\pcreposix.dll
		lib\plplot\64bit\pixman-1.dll = lib\plplot\64bit\pixman-1.dll
		lib\plplot\64bit\plplot.dll = lib\plplot\64bit\plplot.dll
		lib\plplot\64bit\plplotcxx.dll = lib\plplot\64bit\plplotcxx.dll
		lib\plplot\64bit\qsastime.dll = lib\plplot\64bit\qsastime.dll
		lib\plplot\64bit\zlib1.dll = lib\plplot\64bit\zlib1.dll
	EndProjectSection
EndProject
Project("{2150E333-8FDC-42A3-9474-1A3956D46DE8}") = "plplot", "plplot", "{59862579-DA44-491C-8A53-F9E669CBC81D}"
	ProjectSection(SolutionItems) = preProject
		lib\plplot\64bit\plplot\cmap0_alternate.pal = lib\plplot\64bit\plplot\cmap0_alternate.pal
		lib\plplot\64bit\plplot\cmap0_black_on_white.pal = lib\plplot\64bit\plplot\cmap0_black_on_white.pal
		lib\plplot\64bit\plplot\cmap0_default.pal = lib\plplot\64bit\plplot\cmap0_default.pal
		lib\plplot\64bit\plplot\cmap0_white_bg.pal = lib\plplot\64bit\plplot\cmap0_white_bg.pal
		lib\plplot\64bit\plplot\cmap1_blue_red.pal = lib\plplot\64bit\plplot\cmap1_blue_red.pal
		lib\plplot\64bit\plplot\cmap1_blue_yellow.pal = lib\plplot\64bit\plplot\cmap1_blue_yellow.pal
		lib\plplot\64bit\plplot\cmap1_default.pal = lib\plplot\64bit\plplot\cmap1_default.pal
		lib\plplot\64bit\plplot\cmap1_gray.pal = lib\plplot\64bit\plplot\cmap1_gray.pal
		lib\plplot\64bit\plplot\cmap1_highfreq.pal = lib\plplot\64bit\plplot\cmap1_highfreq.pal
		lib\plplot\64bit\plplot\cmap1_lowfreq.pal = lib\plplot\64bit\plplot\cmap1_lowfreq.pal
		lib\plplot\64bit\plplot\cmap1_radar.pal = lib\plplot\64bit\plplot\cmap1_radar.pal
		lib\plplot\64bit\plplot\plstnd5.fnt = lib\plplot\64bit\plplot\plstnd5.fnt
		lib\plplot\64bit\plplot\plxtnd5.fnt = lib\plplot\64bit\plplot\plxtnd5.fnt
	EndProjectSection
EndProject
Project("{2150E333-8FDC-42A3-9474-1A3956D46DE8}") = "64bit", "64bit", "{33114786-C37F-4138-AF5B-1EC2F33EA7FF}"
	ProjectSection(SolutionItems) = preProject
		lib\plplot\64bit\cairo-gobject.dll = lib\plplot\64bit\cairo-gobject.dll
		lib\plplot\64bit\cairo.dll = lib\plplot\64bit\cairo.dll
		lib\plplot\64bit\csirocsa.dll = lib\plplot\64bit\csirocsa.dll
		lib\plplot\64bit\expat.dll = lib\plplot\64bit\expat.dll
		lib\plplot\64bit\fontconfig.dll = lib\plplot\64bit\fontconfig.dll
		lib\plplot\64bit\freetype.dll = lib\plplot\64bit\freetype.dll
		lib\plplot\64bit\gio-2.dll = lib\plplot\64bit\gio-2.dll
		lib\plplot\64bit\glib-2.dll = lib\plplot\64bit\glib-2.dll
		lib\plplot\64bit\gmodule-2.dll = lib\plplot\64bit\gmodule-2.dll
		lib\plplot\64bit\gobject-2.dll = lib\plplot\64bit\gobject-2.dll
		lib\plplot\64bit\gthread-2.dll = lib\plplot\64bit\gthread-2.dll
		lib\plplot\64bit\harfbuzz.dll = lib\plplot\64bit\harfbuzz.dll
		lib\plplot\64bit\libbz2.dll = lib\plplot\64bit\libbz2.dll
		lib\plplot\64bit\libcharset.dll = lib\plplot\64bit\libcharset.dll
		lib\plplot\64bit\libffi.dll = lib\plplot\64bit\libffi.dll
		lib\plplot\64bit\libiconv.dll = lib\plplot\64bit\libiconv.dll
		lib\plplot\64bit\libintl.dll = lib\plplot\64bit\libintl.dll
		lib\plplot\64bit\libpng16.dll = lib\plplot\64bit\libpng16.dll
		lib\plplot\64bit\pango-1.dll = lib\plplot\64bit\pango-1.dll
		lib\plplot\64bit\pangocairo-1.dll = lib\plplot\64bit\pangocairo-1.dll
		lib\plplot\64bit\pangoft2-1.dll = lib\plplot\64bit\pangoft2-1.dll
		lib\plplot\64bit\pangowin32-1.dll = lib\plplot\64bit\pangowin32-1.dll
		lib\plplot\64bit\pcre.dll = lib\plplot\64bit\pcre.dll
		lib\plplot\64bit\pcre16.dll = lib\plplot\64bit\pcre16.dll
		lib\plplot\64bit\pcre32.dll = lib\plplot\64bit\pcre32.dll
		lib\plplot\64bit\pcrecpp.dll = lib\plplot\64bit\pcrecpp.dll
		lib\plplot\64bit\pcreposix.dll = lib\plplot\64bit\pcreposix.dll
		lib\plplot\64bit\pixman-1.dll = lib\plplot\64bit\pixman-1.dll
		lib\plplot\64bit\plplot.dll = lib\plplot\64bit\plplot.dll
		lib\plplot\64bit\plplotcxx.dll = lib\plplot\64bit\plplotcxx.dll
		lib\plplot\64bit\qsastime.dll = lib\plplot\64bit\qsastime.dll
		lib\plplot\64bit\zlib1.dll = lib\plplot\64bit\zlib1.dll
	EndProjectSection
EndProject
Project("{FAE04EC0-301F-11D3-BF4B-00C04F79EFBC}") = "PLPlotOutputToWindow", "WinForms\PLPlotOutputToWindow\PLPlotOutputToWindow.csproj", "{7E064478-D0D0-45F5-B247-F67611D0007C}"
EndProject
Project("{2150E333-8FDC-42A3-9474-1A3956D46DE8}") = "WinConsole", "WinConsole", "{CB77B850-28BD-4B36-BAB3-DABB6136FFA2}"
EndProject
Project("{FAE04EC0-301F-11D3-BF4B-00C04F79EFBC}") = "MemoryPartOfTaskManagerAndResourceMonitor", "WinConsole\MemoryPartOfTaskManagerAndResourceMonitor\MemoryPartOfTaskManagerAndResourceMonitor.csproj", "{49448E2F-89D2-443E-B349-D54F2130FB5A}"
EndProject
Project("{9A19103F-16F7-4668-BE54-9A1E7A4F7556}") = "testd", "NetCore\testd\testd.csproj", "{B65015B7-D402-4790-BBAF-1F3FEA16AE90}"
EndProject
Project("{9A19103F-16F7-4668-BE54-9A1E7A4F7556}") = "PLplotGridmap", "NetCore\PLplotGridmap\PLplotGridmap.csproj", "{65290CCA-AA0E-4396-882C-A5957F0C5760}"
EndProject
Project("{9A19103F-16F7-4668-BE54-9A1E7A4F7556}") = "UnixDomainSocketSample", "NetCore\UnixDomainSocketSample\UnixDomainSocketSample.csproj", "{BF04D670-8A30-447D-B814-1E2395A8F49E}"
EndProject
Project("{9A19103F-16F7-4668-BE54-9A1E7A4F7556}") = "NamedPipeSample", "NetCore\NamedPipeSample\NamedPipeSample.csproj", "{35FBB847-3B7A-4501-AFCF-5CCA317582D1}"
EndProject
Project("{9A19103F-16F7-4668-BE54-9A1E7A4F7556}") = "OpenCvSharp4Sample", "NetCore\OpenCvSharp4Sample\OpenCvSharp4Sample.csproj", "{40717338-FB7F-40E3-8263-4ACE705018C6}"
EndProject
Project("{9A19103F-16F7-4668-BE54-9A1E7A4F7556}") = "ChromiumEdgeSeleniumSample", "NetCore\ChromiumEdgeSeleniumSample\ChromiumEdgeSeleniumSample.csproj", "{16F83B38-934A-4D1B-BBD1-650FEB7238DA}"
EndProject
Project("{FAE04EC0-301F-11D3-BF4B-00C04F79EFBC}") = "DevicePickerWinFormAppSample", "WinForms\DevicePickerWinFormAppSample\DevicePickerWinFormAppSample.csproj", "{EA84FAFC-BF55-46AC-86A6-E4A25FCF0B38}"
EndProject
Project("{2150E333-8FDC-42A3-9474-1A3956D46DE8}") = "Cpp", "Cpp", "{A733B5BA-574C-4B3E-985E-16811DA76B51}"
EndProject
Project("{8BC9CEB8-8B4A-11D0-8D11-00A0C91BC942}") = "dsoframer", "Cpp\dsoframer_v2.2.1.2\dsoframer.vcxproj", "{E5BE5F77-5994-66BC-8F0A-5A3162FFC609}"
EndProject
Project("{FAE04EC0-301F-11D3-BF4B-00C04F79EFBC}") = "EmbedExcelSample", "WinForms\EmbedExcelSample\EmbedExcelSample.csproj", "{7DE90C60-9EE7-45F4-9979-28C8D1BA8ACA}"
	ProjectSection(ProjectDependencies) = postProject
		{E5BE5F77-5994-66BC-8F0A-5A3162FFC609} = {E5BE5F77-5994-66BC-8F0A-5A3162FFC609}
	EndProjectSection
EndProject
Project("{2150E333-8FDC-42A3-9474-1A3956D46DE8}") = "dsoframer", "dsoframer", "{02EF04F7-1FBC-4C67-8730-5E76FB83D2B7}"
	ProjectSection(SolutionItems) = preProject
		lib\dsoframer\AxInterop.DSOFramer.dll = lib\dsoframer\AxInterop.DSOFramer.dll
		lib\dsoframer\Interop.DSOFramer.dll = lib\dsoframer\Interop.DSOFramer.dll
	EndProjectSection
EndProject
Project("{2150E333-8FDC-42A3-9474-1A3956D46DE8}") = "Bluetooth", "Bluetooth", "{F02FCDD9-EEC6-4258-9098-EF675D19913E}"
EndProject
Project("{2150E333-8FDC-42A3-9474-1A3956D46DE8}") = "pc2pc", "pc2pc", "{7E3F1E68-0625-40F8-B388-05F2B56BCF09}"
EndProject
Project("{FAE04EC0-301F-11D3-BF4B-00C04F79EFBC}") = "BTServer", "WinConsole\Bluetooth\pc2pc\BTServer\BTServer.csproj", "{7D391D4D-20F1-4E12-8A79-09AB181DD107}"
EndProject
Project("{FAE04EC0-301F-11D3-BF4B-00C04F79EFBC}") = "BTClient", "WinConsole\Bluetooth\pc2pc\BTClient\BTClient.csproj", "{019F5484-A92F-491B-923F-58C5B7A21FEB}"
EndProject
Project("{FAE04EC0-301F-11D3-BF4B-00C04F79EFBC}") = "HttpListenerAsHttps", "WinConsole\HttpListenerAsHttps\HttpListenerAsHttps.csproj", "{68A258DE-C3A0-4CAE-BDC2-5402EE20FB00}"
EndProject
Project("{2150E333-8FDC-42A3-9474-1A3956D46DE8}") = "rpi", "rpi", "{352ED27A-4920-463B-9AC4-B139979867CD}"
EndProject
Project("{8BC9CEB8-8B4A-11D0-8D11-00A0C91BC942}") = "btserver", "Cpp\rpi\btserver\btserver.vcxproj", "{54D936F1-5591-4CC3-812D-A45C0B0DC62F}"
EndProject
Global
	GlobalSection(SolutionConfigurationPlatforms) = preSolution
		Debug|Any CPU = Debug|Any CPU
		Debug|ARM = Debug|ARM
		Debug|ARM64 = Debug|ARM64
		Debug|x64 = Debug|x64
		Debug|x86 = Debug|x86
		Release|Any CPU = Release|Any CPU
		Release|ARM = Release|ARM
		Release|ARM64 = Release|ARM64
		Release|x64 = Release|x64
		Release|x86 = Release|x86
	EndGlobalSection
	GlobalSection(ProjectConfigurationPlatforms) = postSolution
		{8012646A-EC3D-462E-9880-185EEF108B92}.Debug|Any CPU.ActiveCfg = Debug|Any CPU
		{8012646A-EC3D-462E-9880-185EEF108B92}.Debug|Any CPU.Build.0 = Debug|Any CPU
		{8012646A-EC3D-462E-9880-185EEF108B92}.Debug|ARM.ActiveCfg = Debug|Any CPU
		{8012646A-EC3D-462E-9880-185EEF108B92}.Debug|ARM.Build.0 = Debug|Any CPU
		{8012646A-EC3D-462E-9880-185EEF108B92}.Debug|ARM64.ActiveCfg = Debug|Any CPU
		{8012646A-EC3D-462E-9880-185EEF108B92}.Debug|ARM64.Build.0 = Debug|Any CPU
		{8012646A-EC3D-462E-9880-185EEF108B92}.Debug|x64.ActiveCfg = Debug|Any CPU
		{8012646A-EC3D-462E-9880-185EEF108B92}.Debug|x64.Build.0 = Debug|Any CPU
		{8012646A-EC3D-462E-9880-185EEF108B92}.Debug|x86.ActiveCfg = Debug|Any CPU
		{8012646A-EC3D-462E-9880-185EEF108B92}.Debug|x86.Build.0 = Debug|Any CPU
		{8012646A-EC3D-462E-9880-185EEF108B92}.Release|Any CPU.ActiveCfg = Release|Any CPU
		{8012646A-EC3D-462E-9880-185EEF108B92}.Release|Any CPU.Build.0 = Release|Any CPU
		{8012646A-EC3D-462E-9880-185EEF108B92}.Release|ARM.ActiveCfg = Release|Any CPU
		{8012646A-EC3D-462E-9880-185EEF108B92}.Release|ARM.Build.0 = Release|Any CPU
		{8012646A-EC3D-462E-9880-185EEF108B92}.Release|ARM64.ActiveCfg = Release|Any CPU
		{8012646A-EC3D-462E-9880-185EEF108B92}.Release|ARM64.Build.0 = Release|Any CPU
		{8012646A-EC3D-462E-9880-185EEF108B92}.Release|x64.ActiveCfg = Release|Any CPU
		{8012646A-EC3D-462E-9880-185EEF108B92}.Release|x64.Build.0 = Release|Any CPU
		{8012646A-EC3D-462E-9880-185EEF108B92}.Release|x86.ActiveCfg = Release|Any CPU
		{8012646A-EC3D-462E-9880-185EEF108B92}.Release|x86.Build.0 = Release|Any CPU
		{C1386EEF-5EF0-4D04-BA82-9E225B998839}.Debug|Any CPU.ActiveCfg = Debug|Any CPU
		{C1386EEF-5EF0-4D04-BA82-9E225B998839}.Debug|Any CPU.Build.0 = Debug|Any CPU
		{C1386EEF-5EF0-4D04-BA82-9E225B998839}.Debug|ARM.ActiveCfg = Debug|Any CPU
		{C1386EEF-5EF0-4D04-BA82-9E225B998839}.Debug|ARM.Build.0 = Debug|Any CPU
		{C1386EEF-5EF0-4D04-BA82-9E225B998839}.Debug|ARM64.ActiveCfg = Debug|Any CPU
		{C1386EEF-5EF0-4D04-BA82-9E225B998839}.Debug|ARM64.Build.0 = Debug|Any CPU
		{C1386EEF-5EF0-4D04-BA82-9E225B998839}.Debug|x64.ActiveCfg = Debug|Any CPU
		{C1386EEF-5EF0-4D04-BA82-9E225B998839}.Debug|x64.Build.0 = Debug|Any CPU
		{C1386EEF-5EF0-4D04-BA82-9E225B998839}.Debug|x86.ActiveCfg = Debug|Any CPU
		{C1386EEF-5EF0-4D04-BA82-9E225B998839}.Debug|x86.Build.0 = Debug|Any CPU
		{C1386EEF-5EF0-4D04-BA82-9E225B998839}.Release|Any CPU.ActiveCfg = Release|Any CPU
		{C1386EEF-5EF0-4D04-BA82-9E225B998839}.Release|Any CPU.Build.0 = Release|Any CPU
		{C1386EEF-5EF0-4D04-BA82-9E225B998839}.Release|ARM.ActiveCfg = Release|Any CPU
		{C1386EEF-5EF0-4D04-BA82-9E225B998839}.Release|ARM.Build.0 = Release|Any CPU
		{C1386EEF-5EF0-4D04-BA82-9E225B998839}.Release|ARM64.ActiveCfg = Release|Any CPU
		{C1386EEF-5EF0-4D04-BA82-9E225B998839}.Release|ARM64.Build.0 = Release|Any CPU
		{C1386EEF-5EF0-4D04-BA82-9E225B998839}.Release|x64.ActiveCfg = Release|Any CPU
		{C1386EEF-5EF0-4D04-BA82-9E225B998839}.Release|x64.Build.0 = Release|Any CPU
		{C1386EEF-5EF0-4D04-BA82-9E225B998839}.Release|x86.ActiveCfg = Release|Any CPU
		{C1386EEF-5EF0-4D04-BA82-9E225B998839}.Release|x86.Build.0 = Release|Any CPU
		{B527F2A9-E168-4817-A5B4-2776C9B02E81}.Debug|Any CPU.ActiveCfg = Debug|Any CPU
		{B527F2A9-E168-4817-A5B4-2776C9B02E81}.Debug|Any CPU.Build.0 = Debug|Any CPU
		{B527F2A9-E168-4817-A5B4-2776C9B02E81}.Debug|ARM.ActiveCfg = Debug|Any CPU
		{B527F2A9-E168-4817-A5B4-2776C9B02E81}.Debug|ARM.Build.0 = Debug|Any CPU
		{B527F2A9-E168-4817-A5B4-2776C9B02E81}.Debug|ARM64.ActiveCfg = Debug|Any CPU
		{B527F2A9-E168-4817-A5B4-2776C9B02E81}.Debug|ARM64.Build.0 = Debug|Any CPU
		{B527F2A9-E168-4817-A5B4-2776C9B02E81}.Debug|x64.ActiveCfg = Debug|Any CPU
		{B527F2A9-E168-4817-A5B4-2776C9B02E81}.Debug|x64.Build.0 = Debug|Any CPU
		{B527F2A9-E168-4817-A5B4-2776C9B02E81}.Debug|x86.ActiveCfg = Debug|Any CPU
		{B527F2A9-E168-4817-A5B4-2776C9B02E81}.Debug|x86.Build.0 = Debug|Any CPU
		{B527F2A9-E168-4817-A5B4-2776C9B02E81}.Release|Any CPU.ActiveCfg = Release|Any CPU
		{B527F2A9-E168-4817-A5B4-2776C9B02E81}.Release|Any CPU.Build.0 = Release|Any CPU
		{B527F2A9-E168-4817-A5B4-2776C9B02E81}.Release|ARM.ActiveCfg = Release|Any CPU
		{B527F2A9-E168-4817-A5B4-2776C9B02E81}.Release|ARM.Build.0 = Release|Any CPU
		{B527F2A9-E168-4817-A5B4-2776C9B02E81}.Release|ARM64.ActiveCfg = Release|Any CPU
		{B527F2A9-E168-4817-A5B4-2776C9B02E81}.Release|ARM64.Build.0 = Release|Any CPU
		{B527F2A9-E168-4817-A5B4-2776C9B02E81}.Release|x64.ActiveCfg = Release|Any CPU
		{B527F2A9-E168-4817-A5B4-2776C9B02E81}.Release|x64.Build.0 = Release|Any CPU
		{B527F2A9-E168-4817-A5B4-2776C9B02E81}.Release|x86.ActiveCfg = Release|Any CPU
		{B527F2A9-E168-4817-A5B4-2776C9B02E81}.Release|x86.Build.0 = Release|Any CPU
		{7E064478-D0D0-45F5-B247-F67611D0007C}.Debug|Any CPU.ActiveCfg = Debug|Any CPU
		{7E064478-D0D0-45F5-B247-F67611D0007C}.Debug|Any CPU.Build.0 = Debug|Any CPU
		{7E064478-D0D0-45F5-B247-F67611D0007C}.Debug|ARM.ActiveCfg = Debug|Any CPU
		{7E064478-D0D0-45F5-B247-F67611D0007C}.Debug|ARM.Build.0 = Debug|Any CPU
		{7E064478-D0D0-45F5-B247-F67611D0007C}.Debug|ARM64.ActiveCfg = Debug|Any CPU
		{7E064478-D0D0-45F5-B247-F67611D0007C}.Debug|ARM64.Build.0 = Debug|Any CPU
		{7E064478-D0D0-45F5-B247-F67611D0007C}.Debug|x64.ActiveCfg = Debug|Any CPU
		{7E064478-D0D0-45F5-B247-F67611D0007C}.Debug|x64.Build.0 = Debug|Any CPU
		{7E064478-D0D0-45F5-B247-F67611D0007C}.Debug|x86.ActiveCfg = Debug|Any CPU
		{7E064478-D0D0-45F5-B247-F67611D0007C}.Debug|x86.Build.0 = Debug|Any CPU
		{7E064478-D0D0-45F5-B247-F67611D0007C}.Release|Any CPU.ActiveCfg = Release|Any CPU
		{7E064478-D0D0-45F5-B247-F67611D0007C}.Release|Any CPU.Build.0 = Release|Any CPU
		{7E064478-D0D0-45F5-B247-F67611D0007C}.Release|ARM.ActiveCfg = Release|Any CPU
		{7E064478-D0D0-45F5-B247-F67611D0007C}.Release|ARM.Build.0 = Release|Any CPU
		{7E064478-D0D0-45F5-B247-F67611D0007C}.Release|ARM64.ActiveCfg = Release|Any CPU
		{7E064478-D0D0-45F5-B247-F67611D0007C}.Release|ARM64.Build.0 = Release|Any CPU
		{7E064478-D0D0-45F5-B247-F67611D0007C}.Release|x64.ActiveCfg = Release|Any CPU
		{7E064478-D0D0-45F5-B247-F67611D0007C}.Release|x64.Build.0 = Release|Any CPU
		{7E064478-D0D0-45F5-B247-F67611D0007C}.Release|x86.ActiveCfg = Release|Any CPU
		{7E064478-D0D0-45F5-B247-F67611D0007C}.Release|x86.Build.0 = Release|Any CPU
		{49448E2F-89D2-443E-B349-D54F2130FB5A}.Debug|Any CPU.ActiveCfg = Debug|Any CPU
		{49448E2F-89D2-443E-B349-D54F2130FB5A}.Debug|Any CPU.Build.0 = Debug|Any CPU
		{49448E2F-89D2-443E-B349-D54F2130FB5A}.Debug|ARM.ActiveCfg = Debug|Any CPU
		{49448E2F-89D2-443E-B349-D54F2130FB5A}.Debug|ARM.Build.0 = Debug|Any CPU
		{49448E2F-89D2-443E-B349-D54F2130FB5A}.Debug|ARM64.ActiveCfg = Debug|Any CPU
		{49448E2F-89D2-443E-B349-D54F2130FB5A}.Debug|ARM64.Build.0 = Debug|Any CPU
		{49448E2F-89D2-443E-B349-D54F2130FB5A}.Debug|x64.ActiveCfg = Debug|Any CPU
		{49448E2F-89D2-443E-B349-D54F2130FB5A}.Debug|x64.Build.0 = Debug|Any CPU
		{49448E2F-89D2-443E-B349-D54F2130FB5A}.Debug|x86.ActiveCfg = Debug|Any CPU
		{49448E2F-89D2-443E-B349-D54F2130FB5A}.Debug|x86.Build.0 = Debug|Any CPU
		{49448E2F-89D2-443E-B349-D54F2130FB5A}.Release|Any CPU.ActiveCfg = Release|Any CPU
		{49448E2F-89D2-443E-B349-D54F2130FB5A}.Release|Any CPU.Build.0 = Release|Any CPU
		{49448E2F-89D2-443E-B349-D54F2130FB5A}.Release|ARM.ActiveCfg = Release|Any CPU
		{49448E2F-89D2-443E-B349-D54F2130FB5A}.Release|ARM.Build.0 = Release|Any CPU
		{49448E2F-89D2-443E-B349-D54F2130FB5A}.Release|ARM64.ActiveCfg = Release|Any CPU
		{49448E2F-89D2-443E-B349-D54F2130FB5A}.Release|ARM64.Build.0 = Release|Any CPU
		{49448E2F-89D2-443E-B349-D54F2130FB5A}.Release|x64.ActiveCfg = Release|Any CPU
		{49448E2F-89D2-443E-B349-D54F2130FB5A}.Release|x64.Build.0 = Release|Any CPU
		{49448E2F-89D2-443E-B349-D54F2130FB5A}.Release|x86.ActiveCfg = Release|Any CPU
		{49448E2F-89D2-443E-B349-D54F2130FB5A}.Release|x86.Build.0 = Release|Any CPU
		{B65015B7-D402-4790-BBAF-1F3FEA16AE90}.Debug|Any CPU.ActiveCfg = Debug|Any CPU
		{B65015B7-D402-4790-BBAF-1F3FEA16AE90}.Debug|Any CPU.Build.0 = Debug|Any CPU
		{B65015B7-D402-4790-BBAF-1F3FEA16AE90}.Debug|ARM.ActiveCfg = Debug|Any CPU
		{B65015B7-D402-4790-BBAF-1F3FEA16AE90}.Debug|ARM.Build.0 = Debug|Any CPU
		{B65015B7-D402-4790-BBAF-1F3FEA16AE90}.Debug|ARM64.ActiveCfg = Debug|Any CPU
		{B65015B7-D402-4790-BBAF-1F3FEA16AE90}.Debug|ARM64.Build.0 = Debug|Any CPU
		{B65015B7-D402-4790-BBAF-1F3FEA16AE90}.Debug|x64.ActiveCfg = Debug|Any CPU
		{B65015B7-D402-4790-BBAF-1F3FEA16AE90}.Debug|x64.Build.0 = Debug|Any CPU
		{B65015B7-D402-4790-BBAF-1F3FEA16AE90}.Debug|x86.ActiveCfg = Debug|Any CPU
		{B65015B7-D402-4790-BBAF-1F3FEA16AE90}.Debug|x86.Build.0 = Debug|Any CPU
		{B65015B7-D402-4790-BBAF-1F3FEA16AE90}.Release|Any CPU.ActiveCfg = Release|Any CPU
		{B65015B7-D402-4790-BBAF-1F3FEA16AE90}.Release|Any CPU.Build.0 = Release|Any CPU
		{B65015B7-D402-4790-BBAF-1F3FEA16AE90}.Release|ARM.ActiveCfg = Release|Any CPU
		{B65015B7-D402-4790-BBAF-1F3FEA16AE90}.Release|ARM.Build.0 = Release|Any CPU
		{B65015B7-D402-4790-BBAF-1F3FEA16AE90}.Release|ARM64.ActiveCfg = Release|Any CPU
		{B65015B7-D402-4790-BBAF-1F3FEA16AE90}.Release|ARM64.Build.0 = Release|Any CPU
		{B65015B7-D402-4790-BBAF-1F3FEA16AE90}.Release|x64.ActiveCfg = Release|Any CPU
		{B65015B7-D402-4790-BBAF-1F3FEA16AE90}.Release|x64.Build.0 = Release|Any CPU
		{B65015B7-D402-4790-BBAF-1F3FEA16AE90}.Release|x86.ActiveCfg = Release|Any CPU
		{B65015B7-D402-4790-BBAF-1F3FEA16AE90}.Release|x86.Build.0 = Release|Any CPU
		{65290CCA-AA0E-4396-882C-A5957F0C5760}.Debug|Any CPU.ActiveCfg = Debug|Any CPU
		{65290CCA-AA0E-4396-882C-A5957F0C5760}.Debug|Any CPU.Build.0 = Debug|Any CPU
		{65290CCA-AA0E-4396-882C-A5957F0C5760}.Debug|ARM.ActiveCfg = Debug|Any CPU
		{65290CCA-AA0E-4396-882C-A5957F0C5760}.Debug|ARM.Build.0 = Debug|Any CPU
		{65290CCA-AA0E-4396-882C-A5957F0C5760}.Debug|ARM64.ActiveCfg = Debug|Any CPU
		{65290CCA-AA0E-4396-882C-A5957F0C5760}.Debug|ARM64.Build.0 = Debug|Any CPU
		{65290CCA-AA0E-4396-882C-A5957F0C5760}.Debug|x64.ActiveCfg = Debug|Any CPU
		{65290CCA-AA0E-4396-882C-A5957F0C5760}.Debug|x64.Build.0 = Debug|Any CPU
		{65290CCA-AA0E-4396-882C-A5957F0C5760}.Debug|x86.ActiveCfg = Debug|Any CPU
		{65290CCA-AA0E-4396-882C-A5957F0C5760}.Debug|x86.Build.0 = Debug|Any CPU
		{65290CCA-AA0E-4396-882C-A5957F0C5760}.Release|Any CPU.ActiveCfg = Release|Any CPU
		{65290CCA-AA0E-4396-882C-A5957F0C5760}.Release|Any CPU.Build.0 = Release|Any CPU
		{65290CCA-AA0E-4396-882C-A5957F0C5760}.Release|ARM.ActiveCfg = Release|Any CPU
		{65290CCA-AA0E-4396-882C-A5957F0C5760}.Release|ARM.Build.0 = Release|Any CPU
		{65290CCA-AA0E-4396-882C-A5957F0C5760}.Release|ARM64.ActiveCfg = Release|Any CPU
		{65290CCA-AA0E-4396-882C-A5957F0C5760}.Release|ARM64.Build.0 = Release|Any CPU
		{65290CCA-AA0E-4396-882C-A5957F0C5760}.Release|x64.ActiveCfg = Release|Any CPU
		{65290CCA-AA0E-4396-882C-A5957F0C5760}.Release|x64.Build.0 = Release|Any CPU
		{65290CCA-AA0E-4396-882C-A5957F0C5760}.Release|x86.ActiveCfg = Release|Any CPU
		{65290CCA-AA0E-4396-882C-A5957F0C5760}.Release|x86.Build.0 = Release|Any CPU
		{BF04D670-8A30-447D-B814-1E2395A8F49E}.Debug|Any CPU.ActiveCfg = Debug|Any CPU
		{BF04D670-8A30-447D-B814-1E2395A8F49E}.Debug|Any CPU.Build.0 = Debug|Any CPU
		{BF04D670-8A30-447D-B814-1E2395A8F49E}.Debug|ARM.ActiveCfg = Debug|Any CPU
		{BF04D670-8A30-447D-B814-1E2395A8F49E}.Debug|ARM.Build.0 = Debug|Any CPU
		{BF04D670-8A30-447D-B814-1E2395A8F49E}.Debug|ARM64.ActiveCfg = Debug|Any CPU
		{BF04D670-8A30-447D-B814-1E2395A8F49E}.Debug|ARM64.Build.0 = Debug|Any CPU
		{BF04D670-8A30-447D-B814-1E2395A8F49E}.Debug|x64.ActiveCfg = Debug|Any CPU
		{BF04D670-8A30-447D-B814-1E2395A8F49E}.Debug|x64.Build.0 = Debug|Any CPU
		{BF04D670-8A30-447D-B814-1E2395A8F49E}.Debug|x86.ActiveCfg = Debug|Any CPU
		{BF04D670-8A30-447D-B814-1E2395A8F49E}.Debug|x86.Build.0 = Debug|Any CPU
		{BF04D670-8A30-447D-B814-1E2395A8F49E}.Release|Any CPU.ActiveCfg = Release|Any CPU
		{BF04D670-8A30-447D-B814-1E2395A8F49E}.Release|Any CPU.Build.0 = Release|Any CPU
		{BF04D670-8A30-447D-B814-1E2395A8F49E}.Release|ARM.ActiveCfg = Release|Any CPU
		{BF04D670-8A30-447D-B814-1E2395A8F49E}.Release|ARM.Build.0 = Release|Any CPU
		{BF04D670-8A30-447D-B814-1E2395A8F49E}.Release|ARM64.ActiveCfg = Release|Any CPU
		{BF04D670-8A30-447D-B814-1E2395A8F49E}.Release|ARM64.Build.0 = Release|Any CPU
		{BF04D670-8A30-447D-B814-1E2395A8F49E}.Release|x64.ActiveCfg = Release|Any CPU
		{BF04D670-8A30-447D-B814-1E2395A8F49E}.Release|x64.Build.0 = Release|Any CPU
		{BF04D670-8A30-447D-B814-1E2395A8F49E}.Release|x86.ActiveCfg = Release|Any CPU
		{BF04D670-8A30-447D-B814-1E2395A8F49E}.Release|x86.Build.0 = Release|Any CPU
		{35FBB847-3B7A-4501-AFCF-5CCA317582D1}.Debug|Any CPU.ActiveCfg = Debug|Any CPU
		{35FBB847-3B7A-4501-AFCF-5CCA317582D1}.Debug|Any CPU.Build.0 = Debug|Any CPU
		{35FBB847-3B7A-4501-AFCF-5CCA317582D1}.Debug|ARM.ActiveCfg = Debug|Any CPU
		{35FBB847-3B7A-4501-AFCF-5CCA317582D1}.Debug|ARM.Build.0 = Debug|Any CPU
		{35FBB847-3B7A-4501-AFCF-5CCA317582D1}.Debug|ARM64.ActiveCfg = Debug|Any CPU
		{35FBB847-3B7A-4501-AFCF-5CCA317582D1}.Debug|ARM64.Build.0 = Debug|Any CPU
		{35FBB847-3B7A-4501-AFCF-5CCA317582D1}.Debug|x64.ActiveCfg = Debug|Any CPU
		{35FBB847-3B7A-4501-AFCF-5CCA317582D1}.Debug|x64.Build.0 = Debug|Any CPU
		{35FBB847-3B7A-4501-AFCF-5CCA317582D1}.Debug|x86.ActiveCfg = Debug|Any CPU
		{35FBB847-3B7A-4501-AFCF-5CCA317582D1}.Debug|x86.Build.0 = Debug|Any CPU
		{35FBB847-3B7A-4501-AFCF-5CCA317582D1}.Release|Any CPU.ActiveCfg = Release|Any CPU
		{35FBB847-3B7A-4501-AFCF-5CCA317582D1}.Release|Any CPU.Build.0 = Release|Any CPU
		{35FBB847-3B7A-4501-AFCF-5CCA317582D1}.Release|ARM.ActiveCfg = Release|Any CPU
		{35FBB847-3B7A-4501-AFCF-5CCA317582D1}.Release|ARM.Build.0 = Release|Any CPU
		{35FBB847-3B7A-4501-AFCF-5CCA317582D1}.Release|ARM64.ActiveCfg = Release|Any CPU
		{35FBB847-3B7A-4501-AFCF-5CCA317582D1}.Release|ARM64.Build.0 = Release|Any CPU
		{35FBB847-3B7A-4501-AFCF-5CCA317582D1}.Release|x64.ActiveCfg = Release|Any CPU
		{35FBB847-3B7A-4501-AFCF-5CCA317582D1}.Release|x64.Build.0 = Release|Any CPU
		{35FBB847-3B7A-4501-AFCF-5CCA317582D1}.Release|x86.ActiveCfg = Release|Any CPU
		{35FBB847-3B7A-4501-AFCF-5CCA317582D1}.Release|x86.Build.0 = Release|Any CPU
		{40717338-FB7F-40E3-8263-4ACE705018C6}.Debug|Any CPU.ActiveCfg = Debug|Any CPU
		{40717338-FB7F-40E3-8263-4ACE705018C6}.Debug|Any CPU.Build.0 = Debug|Any CPU
		{40717338-FB7F-40E3-8263-4ACE705018C6}.Debug|ARM.ActiveCfg = Debug|Any CPU
		{40717338-FB7F-40E3-8263-4ACE705018C6}.Debug|ARM.Build.0 = Debug|Any CPU
		{40717338-FB7F-40E3-8263-4ACE705018C6}.Debug|ARM64.ActiveCfg = Debug|Any CPU
		{40717338-FB7F-40E3-8263-4ACE705018C6}.Debug|ARM64.Build.0 = Debug|Any CPU
		{40717338-FB7F-40E3-8263-4ACE705018C6}.Debug|x64.ActiveCfg = Debug|Any CPU
		{40717338-FB7F-40E3-8263-4ACE705018C6}.Debug|x64.Build.0 = Debug|Any CPU
		{40717338-FB7F-40E3-8263-4ACE705018C6}.Debug|x86.ActiveCfg = Debug|Any CPU
		{40717338-FB7F-40E3-8263-4ACE705018C6}.Debug|x86.Build.0 = Debug|Any CPU
		{40717338-FB7F-40E3-8263-4ACE705018C6}.Release|Any CPU.ActiveCfg = Release|Any CPU
		{40717338-FB7F-40E3-8263-4ACE705018C6}.Release|Any CPU.Build.0 = Release|Any CPU
		{40717338-FB7F-40E3-8263-4ACE705018C6}.Release|ARM.ActiveCfg = Release|Any CPU
		{40717338-FB7F-40E3-8263-4ACE705018C6}.Release|ARM.Build.0 = Release|Any CPU
		{40717338-FB7F-40E3-8263-4ACE705018C6}.Release|ARM64.ActiveCfg = Release|Any CPU
		{40717338-FB7F-40E3-8263-4ACE705018C6}.Release|ARM64.Build.0 = Release|Any CPU
		{40717338-FB7F-40E3-8263-4ACE705018C6}.Release|x64.ActiveCfg = Release|Any CPU
		{40717338-FB7F-40E3-8263-4ACE705018C6}.Release|x64.Build.0 = Release|Any CPU
		{40717338-FB7F-40E3-8263-4ACE705018C6}.Release|x86.ActiveCfg = Release|Any CPU
		{40717338-FB7F-40E3-8263-4ACE705018C6}.Release|x86.Build.0 = Release|Any CPU
		{16F83B38-934A-4D1B-BBD1-650FEB7238DA}.Debug|Any CPU.ActiveCfg = Debug|Any CPU
		{16F83B38-934A-4D1B-BBD1-650FEB7238DA}.Debug|Any CPU.Build.0 = Debug|Any CPU
		{16F83B38-934A-4D1B-BBD1-650FEB7238DA}.Debug|ARM.ActiveCfg = Debug|Any CPU
		{16F83B38-934A-4D1B-BBD1-650FEB7238DA}.Debug|ARM.Build.0 = Debug|Any CPU
		{16F83B38-934A-4D1B-BBD1-650FEB7238DA}.Debug|ARM64.ActiveCfg = Debug|Any CPU
		{16F83B38-934A-4D1B-BBD1-650FEB7238DA}.Debug|ARM64.Build.0 = Debug|Any CPU
		{16F83B38-934A-4D1B-BBD1-650FEB7238DA}.Debug|x64.ActiveCfg = Debug|Any CPU
		{16F83B38-934A-4D1B-BBD1-650FEB7238DA}.Debug|x64.Build.0 = Debug|Any CPU
		{16F83B38-934A-4D1B-BBD1-650FEB7238DA}.Debug|x86.ActiveCfg = Debug|Any CPU
		{16F83B38-934A-4D1B-BBD1-650FEB7238DA}.Debug|x86.Build.0 = Debug|Any CPU
		{16F83B38-934A-4D1B-BBD1-650FEB7238DA}.Release|Any CPU.ActiveCfg = Release|Any CPU
		{16F83B38-934A-4D1B-BBD1-650FEB7238DA}.Release|Any CPU.Build.0 = Release|Any CPU
		{16F83B38-934A-4D1B-BBD1-650FEB7238DA}.Release|ARM.ActiveCfg = Release|Any CPU
		{16F83B38-934A-4D1B-BBD1-650FEB7238DA}.Release|ARM.Build.0 = Release|Any CPU
		{16F83B38-934A-4D1B-BBD1-650FEB7238DA}.Release|ARM64.ActiveCfg = Release|Any CPU
		{16F83B38-934A-4D1B-BBD1-650FEB7238DA}.Release|ARM64.Build.0 = Release|Any CPU
		{16F83B38-934A-4D1B-BBD1-650FEB7238DA}.Release|x64.ActiveCfg = Release|Any CPU
		{16F83B38-934A-4D1B-BBD1-650FEB7238DA}.Release|x64.Build.0 = Release|Any CPU
		{16F83B38-934A-4D1B-BBD1-650FEB7238DA}.Release|x86.ActiveCfg = Release|Any CPU
		{16F83B38-934A-4D1B-BBD1-650FEB7238DA}.Release|x86.Build.0 = Release|Any CPU
		{EA84FAFC-BF55-46AC-86A6-E4A25FCF0B38}.Debug|Any CPU.ActiveCfg = Debug|Any CPU
		{EA84FAFC-BF55-46AC-86A6-E4A25FCF0B38}.Debug|Any CPU.Build.0 = Debug|Any CPU
		{EA84FAFC-BF55-46AC-86A6-E4A25FCF0B38}.Debug|ARM.ActiveCfg = Debug|Any CPU
		{EA84FAFC-BF55-46AC-86A6-E4A25FCF0B38}.Debug|ARM.Build.0 = Debug|Any CPU
		{EA84FAFC-BF55-46AC-86A6-E4A25FCF0B38}.Debug|ARM64.ActiveCfg = Debug|Any CPU
		{EA84FAFC-BF55-46AC-86A6-E4A25FCF0B38}.Debug|ARM64.Build.0 = Debug|Any CPU
		{EA84FAFC-BF55-46AC-86A6-E4A25FCF0B38}.Debug|x64.ActiveCfg = Debug|Any CPU
		{EA84FAFC-BF55-46AC-86A6-E4A25FCF0B38}.Debug|x64.Build.0 = Debug|Any CPU
		{EA84FAFC-BF55-46AC-86A6-E4A25FCF0B38}.Debug|x86.ActiveCfg = Debug|Any CPU
		{EA84FAFC-BF55-46AC-86A6-E4A25FCF0B38}.Debug|x86.Build.0 = Debug|Any CPU
		{EA84FAFC-BF55-46AC-86A6-E4A25FCF0B38}.Release|Any CPU.ActiveCfg = Release|Any CPU
		{EA84FAFC-BF55-46AC-86A6-E4A25FCF0B38}.Release|Any CPU.Build.0 = Release|Any CPU
		{EA84FAFC-BF55-46AC-86A6-E4A25FCF0B38}.Release|ARM.ActiveCfg = Release|Any CPU
		{EA84FAFC-BF55-46AC-86A6-E4A25FCF0B38}.Release|ARM.Build.0 = Release|Any CPU
		{EA84FAFC-BF55-46AC-86A6-E4A25FCF0B38}.Release|ARM64.ActiveCfg = Release|Any CPU
		{EA84FAFC-BF55-46AC-86A6-E4A25FCF0B38}.Release|ARM64.Build.0 = Release|Any CPU
		{EA84FAFC-BF55-46AC-86A6-E4A25FCF0B38}.Release|x64.ActiveCfg = Release|Any CPU
		{EA84FAFC-BF55-46AC-86A6-E4A25FCF0B38}.Release|x64.Build.0 = Release|Any CPU
		{EA84FAFC-BF55-46AC-86A6-E4A25FCF0B38}.Release|x86.ActiveCfg = Release|Any CPU
		{EA84FAFC-BF55-46AC-86A6-E4A25FCF0B38}.Release|x86.Build.0 = Release|Any CPU
		{E5BE5F77-5994-66BC-8F0A-5A3162FFC609}.Debug|Any CPU.ActiveCfg = Debug|Win32
		{E5BE5F77-5994-66BC-8F0A-5A3162FFC609}.Debug|Any CPU.Build.0 = Debug|Win32
		{E5BE5F77-5994-66BC-8F0A-5A3162FFC609}.Debug|ARM.ActiveCfg = Debug|Win32
		{E5BE5F77-5994-66BC-8F0A-5A3162FFC609}.Debug|ARM64.ActiveCfg = Debug|Win32
		{E5BE5F77-5994-66BC-8F0A-5A3162FFC609}.Debug|x64.ActiveCfg = Debug|Win32
		{E5BE5F77-5994-66BC-8F0A-5A3162FFC609}.Debug|x86.ActiveCfg = Debug|Win32
		{E5BE5F77-5994-66BC-8F0A-5A3162FFC609}.Debug|x86.Build.0 = Debug|Win32
		{E5BE5F77-5994-66BC-8F0A-5A3162FFC609}.Release|Any CPU.ActiveCfg = Release|Win32
		{E5BE5F77-5994-66BC-8F0A-5A3162FFC609}.Release|ARM.ActiveCfg = Release|Win32
		{E5BE5F77-5994-66BC-8F0A-5A3162FFC609}.Release|ARM64.ActiveCfg = Release|Win32
		{E5BE5F77-5994-66BC-8F0A-5A3162FFC609}.Release|x64.ActiveCfg = Release|Win32
		{E5BE5F77-5994-66BC-8F0A-5A3162FFC609}.Release|x86.ActiveCfg = Release|Win32
		{E5BE5F77-5994-66BC-8F0A-5A3162FFC609}.Release|x86.Build.0 = Release|Win32
		{7DE90C60-9EE7-45F4-9979-28C8D1BA8ACA}.Debug|Any CPU.ActiveCfg = Debug|x86
		{7DE90C60-9EE7-45F4-9979-28C8D1BA8ACA}.Debug|Any CPU.Build.0 = Debug|x86
		{7DE90C60-9EE7-45F4-9979-28C8D1BA8ACA}.Debug|ARM.ActiveCfg = Debug|x86
		{7DE90C60-9EE7-45F4-9979-28C8D1BA8ACA}.Debug|ARM64.ActiveCfg = Debug|x86
		{7DE90C60-9EE7-45F4-9979-28C8D1BA8ACA}.Debug|x64.ActiveCfg = Debug|x86
		{7DE90C60-9EE7-45F4-9979-28C8D1BA8ACA}.Debug|x86.ActiveCfg = Debug|x86
		{7DE90C60-9EE7-45F4-9979-28C8D1BA8ACA}.Debug|x86.Build.0 = Debug|x86
		{7DE90C60-9EE7-45F4-9979-28C8D1BA8ACA}.Release|Any CPU.ActiveCfg = Release|x86
		{7DE90C60-9EE7-45F4-9979-28C8D1BA8ACA}.Release|ARM.ActiveCfg = Release|x86
		{7DE90C60-9EE7-45F4-9979-28C8D1BA8ACA}.Release|ARM64.ActiveCfg = Release|x86
		{7DE90C60-9EE7-45F4-9979-28C8D1BA8ACA}.Release|x64.ActiveCfg = Release|x86
		{7DE90C60-9EE7-45F4-9979-28C8D1BA8ACA}.Release|x86.ActiveCfg = Release|x86
		{7DE90C60-9EE7-45F4-9979-28C8D1BA8ACA}.Release|x86.Build.0 = Release|x86
		{7D391D4D-20F1-4E12-8A79-09AB181DD107}.Debug|Any CPU.ActiveCfg = Debug|Any CPU
		{7D391D4D-20F1-4E12-8A79-09AB181DD107}.Debug|Any CPU.Build.0 = Debug|Any CPU
		{7D391D4D-20F1-4E12-8A79-09AB181DD107}.Debug|ARM.ActiveCfg = Debug|Any CPU
		{7D391D4D-20F1-4E12-8A79-09AB181DD107}.Debug|ARM.Build.0 = Debug|Any CPU
		{7D391D4D-20F1-4E12-8A79-09AB181DD107}.Debug|ARM64.ActiveCfg = Debug|Any CPU
		{7D391D4D-20F1-4E12-8A79-09AB181DD107}.Debug|ARM64.Build.0 = Debug|Any CPU
		{7D391D4D-20F1-4E12-8A79-09AB181DD107}.Debug|x64.ActiveCfg = Debug|Any CPU
		{7D391D4D-20F1-4E12-8A79-09AB181DD107}.Debug|x64.Build.0 = Debug|Any CPU
		{7D391D4D-20F1-4E12-8A79-09AB181DD107}.Debug|x86.ActiveCfg = Debug|Any CPU
		{7D391D4D-20F1-4E12-8A79-09AB181DD107}.Debug|x86.Build.0 = Debug|Any CPU
		{7D391D4D-20F1-4E12-8A79-09AB181DD107}.Release|Any CPU.ActiveCfg = Release|Any CPU
		{7D391D4D-20F1-4E12-8A79-09AB181DD107}.Release|Any CPU.Build.0 = Release|Any CPU
		{7D391D4D-20F1-4E12-8A79-09AB181DD107}.Release|ARM.ActiveCfg = Release|Any CPU
		{7D391D4D-20F1-4E12-8A79-09AB181DD107}.Release|ARM.Build.0 = Release|Any CPU
		{7D391D4D-20F1-4E12-8A79-09AB181DD107}.Release|ARM64.ActiveCfg = Release|Any CPU
		{7D391D4D-20F1-4E12-8A79-09AB181DD107}.Release|ARM64.Build.0 = Release|Any CPU
		{7D391D4D-20F1-4E12-8A79-09AB181DD107}.Release|x64.ActiveCfg = Release|Any CPU
		{7D391D4D-20F1-4E12-8A79-09AB181DD107}.Release|x64.Build.0 = Release|Any CPU
		{7D391D4D-20F1-4E12-8A79-09AB181DD107}.Release|x86.ActiveCfg = Release|Any CPU
		{7D391D4D-20F1-4E12-8A79-09AB181DD107}.Release|x86.Build.0 = Release|Any CPU
		{019F5484-A92F-491B-923F-58C5B7A21FEB}.Debug|Any CPU.ActiveCfg = Debug|Any CPU
		{019F5484-A92F-491B-923F-58C5B7A21FEB}.Debug|Any CPU.Build.0 = Debug|Any CPU
		{019F5484-A92F-491B-923F-58C5B7A21FEB}.Debug|ARM.ActiveCfg = Debug|Any CPU
		{019F5484-A92F-491B-923F-58C5B7A21FEB}.Debug|ARM.Build.0 = Debug|Any CPU
		{019F5484-A92F-491B-923F-58C5B7A21FEB}.Debug|ARM64.ActiveCfg = Debug|Any CPU
		{019F5484-A92F-491B-923F-58C5B7A21FEB}.Debug|ARM64.Build.0 = Debug|Any CPU
		{019F5484-A92F-491B-923F-58C5B7A21FEB}.Debug|x64.ActiveCfg = Debug|Any CPU
		{019F5484-A92F-491B-923F-58C5B7A21FEB}.Debug|x64.Build.0 = Debug|Any CPU
		{019F5484-A92F-491B-923F-58C5B7A21FEB}.Debug|x86.ActiveCfg = Debug|Any CPU
		{019F5484-A92F-491B-923F-58C5B7A21FEB}.Debug|x86.Build.0 = Debug|Any CPU
		{019F5484-A92F-491B-923F-58C5B7A21FEB}.Release|Any CPU.ActiveCfg = Release|Any CPU
		{019F5484-A92F-491B-923F-58C5B7A21FEB}.Release|Any CPU.Build.0 = Release|Any CPU
		{019F5484-A92F-491B-923F-58C5B7A21FEB}.Release|ARM.ActiveCfg = Release|Any CPU
		{019F5484-A92F-491B-923F-58C5B7A21FEB}.Release|ARM.Build.0 = Release|Any CPU
		{019F5484-A92F-491B-923F-58C5B7A21FEB}.Release|ARM64.ActiveCfg = Release|Any CPU
		{019F5484-A92F-491B-923F-58C5B7A21FEB}.Release|ARM64.Build.0 = Release|Any CPU
		{019F5484-A92F-491B-923F-58C5B7A21FEB}.Release|x64.ActiveCfg = Release|Any CPU
		{019F5484-A92F-491B-923F-58C5B7A21FEB}.Release|x64.Build.0 = Release|Any CPU
		{019F5484-A92F-491B-923F-58C5B7A21FEB}.Release|x86.ActiveCfg = Release|Any CPU
		{019F5484-A92F-491B-923F-58C5B7A21FEB}.Release|x86.Build.0 = Release|Any CPU
		{68A258DE-C3A0-4CAE-BDC2-5402EE20FB00}.Debug|Any CPU.ActiveCfg = Debug|Any CPU
		{68A258DE-C3A0-4CAE-BDC2-5402EE20FB00}.Debug|Any CPU.Build.0 = Debug|Any CPU
		{68A258DE-C3A0-4CAE-BDC2-5402EE20FB00}.Debug|ARM.ActiveCfg = Debug|Any CPU
		{68A258DE-C3A0-4CAE-BDC2-5402EE20FB00}.Debug|ARM.Build.0 = Debug|Any CPU
		{68A258DE-C3A0-4CAE-BDC2-5402EE20FB00}.Debug|ARM64.ActiveCfg = Debug|Any CPU
		{68A258DE-C3A0-4CAE-BDC2-5402EE20FB00}.Debug|ARM64.Build.0 = Debug|Any CPU
		{68A258DE-C3A0-4CAE-BDC2-5402EE20FB00}.Debug|x64.ActiveCfg = Debug|Any CPU
		{68A258DE-C3A0-4CAE-BDC2-5402EE20FB00}.Debug|x64.Build.0 = Debug|Any CPU
		{68A258DE-C3A0-4CAE-BDC2-5402EE20FB00}.Debug|x86.ActiveCfg = Debug|Any CPU
		{68A258DE-C3A0-4CAE-BDC2-5402EE20FB00}.Debug|x86.Build.0 = Debug|Any CPU
		{68A258DE-C3A0-4CAE-BDC2-5402EE20FB00}.Release|Any CPU.ActiveCfg = Release|Any CPU
		{68A258DE-C3A0-4CAE-BDC2-5402EE20FB00}.Release|Any CPU.Build.0 = Release|Any CPU
		{68A258DE-C3A0-4CAE-BDC2-5402EE20FB00}.Release|ARM.ActiveCfg = Release|Any CPU
		{68A258DE-C3A0-4CAE-BDC2-5402EE20FB00}.Release|ARM.Build.0 = Release|Any CPU
		{68A258DE-C3A0-4CAE-BDC2-5402EE20FB00}.Release|ARM64.ActiveCfg = Release|Any CPU
		{68A258DE-C3A0-4CAE-BDC2-5402EE20FB00}.Release|ARM64.Build.0 = Release|Any CPU
		{68A258DE-C3A0-4CAE-BDC2-5402EE20FB00}.Release|x64.ActiveCfg = Release|Any CPU
		{68A258DE-C3A0-4CAE-BDC2-5402EE20FB00}.Release|x64.Build.0 = Release|Any CPU
		{68A258DE-C3A0-4CAE-BDC2-5402EE20FB00}.Release|x86.ActiveCfg = Release|Any CPU
		{68A258DE-C3A0-4CAE-BDC2-5402EE20FB00}.Release|x86.Build.0 = Release|Any CPU
		{54D936F1-5591-4CC3-812D-A45C0B0DC62F}.Debug|Any CPU.ActiveCfg = Debug|x86
		{54D936F1-5591-4CC3-812D-A45C0B0DC62F}.Debug|ARM.ActiveCfg = Debug|ARM
		{54D936F1-5591-4CC3-812D-A45C0B0DC62F}.Debug|ARM.Build.0 = Debug|ARM
		{54D936F1-5591-4CC3-812D-A45C0B0DC62F}.Debug|ARM.Deploy.0 = Debug|ARM
		{54D936F1-5591-4CC3-812D-A45C0B0DC62F}.Debug|ARM64.ActiveCfg = Debug|ARM64
		{54D936F1-5591-4CC3-812D-A45C0B0DC62F}.Debug|ARM64.Build.0 = Debug|ARM64
		{54D936F1-5591-4CC3-812D-A45C0B0DC62F}.Debug|ARM64.Deploy.0 = Debug|ARM64
		{54D936F1-5591-4CC3-812D-A45C0B0DC62F}.Debug|x64.ActiveCfg = Debug|x64
		{54D936F1-5591-4CC3-812D-A45C0B0DC62F}.Debug|x64.Build.0 = Debug|x64
		{54D936F1-5591-4CC3-812D-A45C0B0DC62F}.Debug|x64.Deploy.0 = Debug|x64
		{54D936F1-5591-4CC3-812D-A45C0B0DC62F}.Debug|x86.ActiveCfg = Debug|x86
		{54D936F1-5591-4CC3-812D-A45C0B0DC62F}.Debug|x86.Build.0 = Debug|x86
		{54D936F1-5591-4CC3-812D-A45C0B0DC62F}.Debug|x86.Deploy.0 = Debug|x86
		{54D936F1-5591-4CC3-812D-A45C0B0DC62F}.Release|Any CPU.ActiveCfg = Release|x86
		{54D936F1-5591-4CC3-812D-A45C0B0DC62F}.Release|ARM.ActiveCfg = Release|ARM
		{54D936F1-5591-4CC3-812D-A45C0B0DC62F}.Release|ARM.Build.0 = Release|ARM
		{54D936F1-5591-4CC3-812D-A45C0B0DC62F}.Release|ARM.Deploy.0 = Release|ARM
		{54D936F1-5591-4CC3-812D-A45C0B0DC62F}.Release|ARM64.ActiveCfg = Release|ARM64
		{54D936F1-5591-4CC3-812D-A45C0B0DC62F}.Release|ARM64.Build.0 = Release|ARM64
		{54D936F1-5591-4CC3-812D-A45C0B0DC62F}.Release|ARM64.Deploy.0 = Release|ARM64
		{54D936F1-5591-4CC3-812D-A45C0B0DC62F}.Release|x64.ActiveCfg = Release|x64
		{54D936F1-5591-4CC3-812D-A45C0B0DC62F}.Release|x64.Build.0 = Release|x64
		{54D936F1-5591-4CC3-812D-A45C0B0DC62F}.Release|x64.Deploy.0 = Release|x64
		{54D936F1-5591-4CC3-812D-A45C0B0DC62F}.Release|x86.ActiveCfg = Release|x86
		{54D936F1-5591-4CC3-812D-A45C0B0DC62F}.Release|x86.Build.0 = Release|x86
		{54D936F1-5591-4CC3-812D-A45C0B0DC62F}.Release|x86.Deploy.0 = Release|x86
	EndGlobalSection
	GlobalSection(SolutionProperties) = preSolution
		HideSolutionNode = FALSE
	EndGlobalSection
	GlobalSection(NestedProjects) = preSolution
		{8012646A-EC3D-462E-9880-185EEF108B92} = {805EF5B0-839A-4637-988E-33CD684D9B3D}
		{C1386EEF-5EF0-4D04-BA82-9E225B998839} = {976B7B43-4DFF-439D-84E6-C9B6489168A8}
		{B527F2A9-E168-4817-A5B4-2776C9B02E81} = {976B7B43-4DFF-439D-84E6-C9B6489168A8}
		{A4852926-981E-40C4-BC8C-20754D12AE5B} = {F633966E-EB9D-45FA-9F88-8F3A623B0148}
		{6C8D0524-180E-46AD-9E38-C9AE87895FD2} = {A4852926-981E-40C4-BC8C-20754D12AE5B}
		{52125D32-259C-47DA-8528-82483F04C3DB} = {F633966E-EB9D-45FA-9F88-8F3A623B0148}
		{59862579-DA44-491C-8A53-F9E669CBC81D} = {33114786-C37F-4138-AF5B-1EC2F33EA7FF}
		{33114786-C37F-4138-AF5B-1EC2F33EA7FF} = {52125D32-259C-47DA-8528-82483F04C3DB}
		{7E064478-D0D0-45F5-B247-F67611D0007C} = {805EF5B0-839A-4637-988E-33CD684D9B3D}
		{49448E2F-89D2-443E-B349-D54F2130FB5A} = {CB77B850-28BD-4B36-BAB3-DABB6136FFA2}
		{B65015B7-D402-4790-BBAF-1F3FEA16AE90} = {976B7B43-4DFF-439D-84E6-C9B6489168A8}
		{65290CCA-AA0E-4396-882C-A5957F0C5760} = {976B7B43-4DFF-439D-84E6-C9B6489168A8}
		{BF04D670-8A30-447D-B814-1E2395A8F49E} = {976B7B43-4DFF-439D-84E6-C9B6489168A8}
		{35FBB847-3B7A-4501-AFCF-5CCA317582D1} = {976B7B43-4DFF-439D-84E6-C9B6489168A8}
		{40717338-FB7F-40E3-8263-4ACE705018C6} = {976B7B43-4DFF-439D-84E6-C9B6489168A8}
		{16F83B38-934A-4D1B-BBD1-650FEB7238DA} = {976B7B43-4DFF-439D-84E6-C9B6489168A8}
		{EA84FAFC-BF55-46AC-86A6-E4A25FCF0B38} = {805EF5B0-839A-4637-988E-33CD684D9B3D}
		{E5BE5F77-5994-66BC-8F0A-5A3162FFC609} = {A733B5BA-574C-4B3E-985E-16811DA76B51}
		{7DE90C60-9EE7-45F4-9979-28C8D1BA8ACA} = {805EF5B0-839A-4637-988E-33CD684D9B3D}
		{02EF04F7-1FBC-4C67-8730-5E76FB83D2B7} = {F633966E-EB9D-45FA-9F88-8F3A623B0148}
		{F02FCDD9-EEC6-4258-9098-EF675D19913E} = {CB77B850-28BD-4B36-BAB3-DABB6136FFA2}
		{7E3F1E68-0625-40F8-B388-05F2B56BCF09} = {F02FCDD9-EEC6-4258-9098-EF675D19913E}
		{7D391D4D-20F1-4E12-8A79-09AB181DD107} = {7E3F1E68-0625-40F8-B388-05F2B56BCF09}
		{019F5484-A92F-491B-923F-58C5B7A21FEB} = {7E3F1E68-0625-40F8-B388-05F2B56BCF09}
		{68A258DE-C3A0-4CAE-BDC2-5402EE20FB00} = {CB77B850-28BD-4B36-BAB3-DABB6136FFA2}
		{352ED27A-4920-463B-9AC4-B139979867CD} = {A733B5BA-574C-4B3E-985E-16811DA76B51}
		{54D936F1-5591-4CC3-812D-A45C0B0DC62F} = {352ED27A-4920-463B-9AC4-B139979867CD}
	EndGlobalSection
	GlobalSection(ExtensibilityGlobals) = postSolution
		SolutionGuid = {AA2A41E4-D2AE-415B-A76F-C15D5BCE7128}
	EndGlobalSection
EndGlobal
